
Microsoft Visual Studio Solution File, Format Version 12.00
# Visual Studio Version 17
VisualStudioVersion = 17.3.32901.215
MinimumVisualStudioVersion = 10.0.40219.1
Project("{FAE04EC0-301F-11D3-BF4B-00C04F79EFBC}") = "Crypt_2", "Crypt_2.csproj", "{665128B3-4400-4CE7-810F-44D75C1A9D25}"
EndProject
Global
	GlobalSection(SolutionConfigurationPlatforms) = preSolution
		Debug|Any CPU = Debug|Any CPU
		Release|Any CPU = Release|Any CPU
	EndGlobalSection
	GlobalSection(ProjectConfigurationPlatforms) = postSolution
		{665128B3-4400-4CE7-810F-44D75C1A9D25}.Debug|Any CPU.ActiveCfg = Debug|Any CPU
		{665128B3-4400-4CE7-810F-44D75C1A9D25}.Debug|Any CPU.Build.0 = Debug|Any CPU
		{665128B3-4400-4CE7-810F-44D75C1A9D25}.Release|Any CPU.ActiveCfg = Release|Any CPU
		{665128B3-4400-4CE7-810F-44D75C1A9D25}.Release|Any CPU.Build.0 = Release|Any CPU
	EndGlobalSection
	GlobalSection(SolutionProperties) = preSolution
		HideSolutionNode = FALSE
	EndGlobalSection
	GlobalSection(ExtensibilityGlobals) = postSolution
		SolutionGuid = {AA1BA187-87D9-4781-9F68-0E5C6ADA73A2}
	EndGlobalSection
EndGlobal
